
Microsoft Visual Studio Solution File, Format Version 12.00
# Visual Studio Version 17
VisualStudioVersion = 17.2.32526.322
MinimumVisualStudioVersion = 10.0.40219.1
Project("{FAE04EC0-301F-11D3-BF4B-00C04F79EFBC}") = "docker", "docker\docker.csproj", "{CF15B79E-3EE3-4200-9DC4-96CEE6EF2792}"
EndProject
Global
	GlobalSection(SolutionConfigurationPlatforms) = preSolution
		Debug|Any CPU = Debug|Any CPU
		Release|Any CPU = Release|Any CPU
	EndGlobalSection
	GlobalSection(ProjectConfigurationPlatforms) = postSolution
		{CF15B79E-3EE3-4200-9DC4-96CEE6EF2792}.Debug|Any CPU.ActiveCfg = Debug|Any CPU
		{CF15B79E-3EE3-4200-9DC4-96CEE6EF2792}.Debug|Any CPU.Build.0 = Debug|Any CPU
		{CF15B79E-3EE3-4200-9DC4-96CEE6EF2792}.Release|Any CPU.ActiveCfg = Release|Any CPU
		{CF15B79E-3EE3-4200-9DC4-96CEE6EF2792}.Release|Any CPU.Build.0 = Release|Any CPU
	EndGlobalSection
	GlobalSection(SolutionProperties) = preSolution
		HideSolutionNode = FALSE
	EndGlobalSection
	GlobalSection(ExtensibilityGlobals) = postSolution
		SolutionGuid = {6B7D8F26-70FD-4890-9907-2516F25948C3}
	EndGlobalSection
EndGlobal
